
Microsoft Visual Studio Solution File, Format Version 11.00
# Visual Studio 2010
Project("{FAE04EC0-301F-11D3-BF4B-00C04F79EFBC}") = "Practical2", "Practical2\Practical2.csproj", "{CFBED578-25E4-4BA8-AE9E-ED71F9A1795B}"
EndProject
Project("{FAE04EC0-301F-11D3-BF4B-00C04F79EFBC}") = "Practical3", "Practical3\Practical3.csproj", "{D7488E3C-555E-4487-B42A-BCBFAC78B0BD}"
EndProject
Project("{FAE04EC0-301F-11D3-BF4B-00C04F79EFBC}") = "Practical1", "Practical1\Practical1.csproj", "{BB5B468D-73A2-477F-9405-01863E566480}"
EndProject
Project("{FAE04EC0-301F-11D3-BF4B-00C04F79EFBC}") = "Practical4", "Practical4\Practical4.csproj", "{DB422CAD-C1D5-4E95-985F-E9EADC69E353}"
EndProject
Project("{FAE04EC0-301F-11D3-BF4B-00C04F79EFBC}") = "calc", "calc\calc.csproj", "{732E8E7A-BEBC-4A6D-9156-CA086BD00D26}"
EndProject
Project("{FAE04EC0-301F-11D3-BF4B-00C04F79EFBC}") = "Practical5", "Practical5\Practical5.csproj", "{518194B3-6475-4524-8F6A-3AA3DD8430C3}"
EndProject
Project("{FAE04EC0-301F-11D3-BF4B-00C04F79EFBC}") = "Practical6", "Practical6\Practical6.csproj", "{FAD602CC-7706-4F7C-8B78-DC5E4FC49B4A}"
EndProject
Project("{FAE04EC0-301F-11D3-BF4B-00C04F79EFBC}") = "Practical7", "Practical7\Practical7.csproj", "{228C7A5E-F1BF-404D-9B56-387D8624A7F2}"
EndProject
Project("{FAE04EC0-301F-11D3-BF4B-00C04F79EFBC}") = "Practical8", "Practical8\Practical8.csproj", "{CE456D51-5A96-4672-834B-7C3A5F74B0F4}"
EndProject
Global
	GlobalSection(SolutionConfigurationPlatforms) = preSolution
		Debug|Any CPU = Debug|Any CPU
		Debug|Mixed Platforms = Debug|Mixed Platforms
		Debug|x86 = Debug|x86
		Release|Any CPU = Release|Any CPU
		Release|Mixed Platforms = Release|Mixed Platforms
		Release|x86 = Release|x86
	EndGlobalSection
	GlobalSection(ProjectConfigurationPlatforms) = postSolution
		{CFBED578-25E4-4BA8-AE9E-ED71F9A1795B}.Debug|Any CPU.ActiveCfg = Debug|x86
		{CFBED578-25E4-4BA8-AE9E-ED71F9A1795B}.Debug|Mixed Platforms.ActiveCfg = Debug|x86
		{CFBED578-25E4-4BA8-AE9E-ED71F9A1795B}.Debug|Mixed Platforms.Build.0 = Debug|x86
		{CFBED578-25E4-4BA8-AE9E-ED71F9A1795B}.Debug|x86.ActiveCfg = Debug|x86
		{CFBED578-25E4-4BA8-AE9E-ED71F9A1795B}.Debug|x86.Build.0 = Debug|x86
		{CFBED578-25E4-4BA8-AE9E-ED71F9A1795B}.Release|Any CPU.ActiveCfg = Release|x86
		{CFBED578-25E4-4BA8-AE9E-ED71F9A1795B}.Release|Mixed Platforms.ActiveCfg = Release|x86
		{CFBED578-25E4-4BA8-AE9E-ED71F9A1795B}.Release|Mixed Platforms.Build.0 = Release|x86
		{CFBED578-25E4-4BA8-AE9E-ED71F9A1795B}.Release|x86.ActiveCfg = Release|x86
		{CFBED578-25E4-4BA8-AE9E-ED71F9A1795B}.Release|x86.Build.0 = Release|x86
		{D7488E3C-555E-4487-B42A-BCBFAC78B0BD}.Debug|Any CPU.ActiveCfg = Debug|x86
		{D7488E3C-555E-4487-B42A-BCBFAC78B0BD}.Debug|Mixed Platforms.ActiveCfg = Debug|x86
		{D7488E3C-555E-4487-B42A-BCBFAC78B0BD}.Debug|Mixed Platforms.Build.0 = Debug|x86
		{D7488E3C-555E-4487-B42A-BCBFAC78B0BD}.Debug|x86.ActiveCfg = Debug|x86
		{D7488E3C-555E-4487-B42A-BCBFAC78B0BD}.Debug|x86.Build.0 = Debug|x86
		{D7488E3C-555E-4487-B42A-BCBFAC78B0BD}.Release|Any CPU.ActiveCfg = Release|x86
		{D7488E3C-555E-4487-B42A-BCBFAC78B0BD}.Release|Mixed Platforms.ActiveCfg = Release|x86
		{D7488E3C-555E-4487-B42A-BCBFAC78B0BD}.Release|Mixed Platforms.Build.0 = Release|x86
		{D7488E3C-555E-4487-B42A-BCBFAC78B0BD}.Release|x86.ActiveCfg = Release|x86
		{D7488E3C-555E-4487-B42A-BCBFAC78B0BD}.Release|x86.Build.0 = Release|x86
		{BB5B468D-73A2-477F-9405-01863E566480}.Debug|Any CPU.ActiveCfg = Debug|x86
		{BB5B468D-73A2-477F-9405-01863E566480}.Debug|Mixed Platforms.ActiveCfg = Debug|x86
		{BB5B468D-73A2-477F-9405-01863E566480}.Debug|Mixed Platforms.Build.0 = Debug|x86
		{BB5B468D-73A2-477F-9405-01863E566480}.Debug|x86.ActiveCfg = Debug|x86
		{BB5B468D-73A2-477F-9405-01863E566480}.Debug|x86.Build.0 = Debug|x86
		{BB5B468D-73A2-477F-9405-01863E566480}.Release|Any CPU.ActiveCfg = Release|x86
		{BB5B468D-73A2-477F-9405-01863E566480}.Release|Mixed Platforms.ActiveCfg = Release|x86
		{BB5B468D-73A2-477F-9405-01863E566480}.Release|Mixed Platforms.Build.0 = Release|x86
		{BB5B468D-73A2-477F-9405-01863E566480}.Release|x86.ActiveCfg = Release|x86
		{BB5B468D-73A2-477F-9405-01863E566480}.Release|x86.Build.0 = Release|x86
		{DB422CAD-C1D5-4E95-985F-E9EADC69E353}.Debug|Any CPU.ActiveCfg = Debug|x86
		{DB422CAD-C1D5-4E95-985F-E9EADC69E353}.Debug|Mixed Platforms.ActiveCfg = Debug|x86
		{DB422CAD-C1D5-4E95-985F-E9EADC69E353}.Debug|Mixed Platforms.Build.0 = Debug|x86
		{DB422CAD-C1D5-4E95-985F-E9EADC69E353}.Debug|x86.ActiveCfg = Debug|x86
		{DB422CAD-C1D5-4E95-985F-E9EADC69E353}.Debug|x86.Build.0 = Debug|x86
		{DB422CAD-C1D5-4E95-985F-E9EADC69E353}.Release|Any CPU.ActiveCfg = Release|x86
		{DB422CAD-C1D5-4E95-985F-E9EADC69E353}.Release|Mixed Platforms.ActiveCfg = Release|x86
		{DB422CAD-C1D5-4E95-985F-E9EADC69E353}.Release|Mixed Platforms.Build.0 = Release|x86
		{DB422CAD-C1D5-4E95-985F-E9EADC69E353}.Release|x86.ActiveCfg = Release|x86
		{DB422CAD-C1D5-4E95-985F-E9EADC69E353}.Release|x86.Build.0 = Release|x86
		{732E8E7A-BEBC-4A6D-9156-CA086BD00D26}.Debug|Any CPU.ActiveCfg = Debug|x86
		{732E8E7A-BEBC-4A6D-9156-CA086BD00D26}.Debug|Mixed Platforms.ActiveCfg = Debug|x86
		{732E8E7A-BEBC-4A6D-9156-CA086BD00D26}.Debug|Mixed Platforms.Build.0 = Debug|x86
		{732E8E7A-BEBC-4A6D-9156-CA086BD00D26}.Debug|x86.ActiveCfg = Debug|x86
		{732E8E7A-BEBC-4A6D-9156-CA086BD00D26}.Debug|x86.Build.0 = Debug|x86
		{732E8E7A-BEBC-4A6D-9156-CA086BD00D26}.Release|Any CPU.ActiveCfg = Release|x86
		{732E8E7A-BEBC-4A6D-9156-CA086BD00D26}.Release|Mixed Platforms.ActiveCfg = Release|x86
		{732E8E7A-BEBC-4A6D-9156-CA086BD00D26}.Release|Mixed Platforms.Build.0 = Release|x86
		{732E8E7A-BEBC-4A6D-9156-CA086BD00D26}.Release|x86.ActiveCfg = Release|x86
		{732E8E7A-BEBC-4A6D-9156-CA086BD00D26}.Release|x86.Build.0 = Release|x86
		{518194B3-6475-4524-8F6A-3AA3DD8430C3}.Debug|Any CPU.ActiveCfg = Debug|x86
		{518194B3-6475-4524-8F6A-3AA3DD8430C3}.Debug|Mixed Platforms.ActiveCfg = Debug|x86
		{518194B3-6475-4524-8F6A-3AA3DD8430C3}.Debug|Mixed Platforms.Build.0 = Debug|x86
		{518194B3-6475-4524-8F6A-3AA3DD8430C3}.Debug|x86.ActiveCfg = Debug|x86
		{518194B3-6475-4524-8F6A-3AA3DD8430C3}.Debug|x86.Build.0 = Debug|x86
		{518194B3-6475-4524-8F6A-3AA3DD8430C3}.Release|Any CPU.ActiveCfg = Release|x86
		{518194B3-6475-4524-8F6A-3AA3DD8430C3}.Release|Mixed Platforms.ActiveCfg = Release|x86
		{518194B3-6475-4524-8F6A-3AA3DD8430C3}.Release|Mixed Platforms.Build.0 = Release|x86
		{518194B3-6475-4524-8F6A-3AA3DD8430C3}.Release|x86.ActiveCfg = Release|x86
		{518194B3-6475-4524-8F6A-3AA3DD8430C3}.Release|x86.Build.0 = Release|x86
		{FAD602CC-7706-4F7C-8B78-DC5E4FC49B4A}.Debug|Any CPU.ActiveCfg = Debug|x86
		{FAD602CC-7706-4F7C-8B78-DC5E4FC49B4A}.Debug|Mixed Platforms.ActiveCfg = Debug|x86
		{FAD602CC-7706-4F7C-8B78-DC5E4FC49B4A}.Debug|Mixed Platforms.Build.0 = Debug|x86
		{FAD602CC-7706-4F7C-8B78-DC5E4FC49B4A}.Debug|x86.ActiveCfg = Debug|x86
		{FAD602CC-7706-4F7C-8B78-DC5E4FC49B4A}.Debug|x86.Build.0 = Debug|x86
		{FAD602CC-7706-4F7C-8B78-DC5E4FC49B4A}.Release|Any CPU.ActiveCfg = Release|x86
		{FAD602CC-7706-4F7C-8B78-DC5E4FC49B4A}.Release|Mixed Platforms.ActiveCfg = Release|x86
		{FAD602CC-7706-4F7C-8B78-DC5E4FC49B4A}.Release|Mixed Platforms.Build.0 = Release|x86
		{FAD602CC-7706-4F7C-8B78-DC5E4FC49B4A}.Release|x86.ActiveCfg = Release|x86
		{FAD602CC-7706-4F7C-8B78-DC5E4FC49B4A}.Release|x86.Build.0 = Release|x86
		{228C7A5E-F1BF-404D-9B56-387D8624A7F2}.Debug|Any CPU.ActiveCfg = Debug|x86
		{228C7A5E-F1BF-404D-9B56-387D8624A7F2}.Debug|Mixed Platforms.ActiveCfg = Debug|x86
		{228C7A5E-F1BF-404D-9B56-387D8624A7F2}.Debug|Mixed Platforms.Build.0 = Debug|x86
		{228C7A5E-F1BF-404D-9B56-387D8624A7F2}.Debug|x86.ActiveCfg = Debug|x86
		{228C7A5E-F1BF-404D-9B56-387D8624A7F2}.Debug|x86.Build.0 = Debug|x86
		{228C7A5E-F1BF-404D-9B56-387D8624A7F2}.Release|Any CPU.ActiveCfg = Release|x86
		{228C7A5E-F1BF-404D-9B56-387D8624A7F2}.Release|Mixed Platforms.ActiveCfg = Release|x86
		{228C7A5E-F1BF-404D-9B56-387D8624A7F2}.Release|Mixed Platforms.Build.0 = Release|x86
		{228C7A5E-F1BF-404D-9B56-387D8624A7F2}.Release|x86.ActiveCfg = Release|x86
		{228C7A5E-F1BF-404D-9B56-387D8624A7F2}.Release|x86.Build.0 = Release|x86
		{CE456D51-5A96-4672-834B-7C3A5F74B0F4}.Debug|Any CPU.ActiveCfg = Debug|x86
		{CE456D51-5A96-4672-834B-7C3A5F74B0F4}.Debug|Mixed Platforms.ActiveCfg = Debug|x86
		{CE456D51-5A96-4672-834B-7C3A5F74B0F4}.Debug|Mixed Platforms.Build.0 = Debug|x86
		{CE456D51-5A96-4672-834B-7C3A5F74B0F4}.Debug|x86.ActiveCfg = Debug|x86
		{CE456D51-5A96-4672-834B-7C3A5F74B0F4}.Debug|x86.Build.0 = Debug|x86
		{CE456D51-5A96-4672-834B-7C3A5F74B0F4}.Release|Any CPU.ActiveCfg = Release|x86
		{CE456D51-5A96-4672-834B-7C3A5F74B0F4}.Release|Mixed Platforms.ActiveCfg = Release|x86
		{CE456D51-5A96-4672-834B-7C3A5F74B0F4}.Release|Mixed Platforms.Build.0 = Release|x86
		{CE456D51-5A96-4672-834B-7C3A5F74B0F4}.Release|x86.ActiveCfg = Release|x86
		{CE456D51-5A96-4672-834B-7C3A5F74B0F4}.Release|x86.Build.0 = Release|x86
	EndGlobalSection
	GlobalSection(SolutionProperties) = preSolution
		HideSolutionNode = FALSE
	EndGlobalSection
EndGlobal
